
Microsoft Visual Studio Solution File, Format Version 12.00
# Visual Studio 15
VisualStudioVersion = 15.0.28307.329
MinimumVisualStudioVersion = 10.0.40219.1
Project("{FAE04EC0-301F-11D3-BF4B-00C04F79EFBC}") = "Task 1", "Task 1\Task 1.csproj", "{85E959D2-E078-4129-84A7-CF8E9990E1AC}"
EndProject
Global
	GlobalSection(SolutionConfigurationPlatforms) = preSolution
		Debug|Any CPU = Debug|Any CPU
		Release|Any CPU = Release|Any CPU
	EndGlobalSection
	GlobalSection(ProjectConfigurationPlatforms) = postSolution
		{85E959D2-E078-4129-84A7-CF8E9990E1AC}.Debug|Any CPU.ActiveCfg = Debug|Any CPU
		{85E959D2-E078-4129-84A7-CF8E9990E1AC}.Debug|Any CPU.Build.0 = Debug|Any CPU
		{85E959D2-E078-4129-84A7-CF8E9990E1AC}.Release|Any CPU.ActiveCfg = Release|Any CPU
		{85E959D2-E078-4129-84A7-CF8E9990E1AC}.Release|Any CPU.Build.0 = Release|Any CPU
	EndGlobalSection
	GlobalSection(SolutionProperties) = preSolution
		HideSolutionNode = FALSE
	EndGlobalSection
	GlobalSection(ExtensibilityGlobals) = postSolution
		SolutionGuid = {EC5F2D51-2ACE-4648-8F25-C6A70CBE0726}
	EndGlobalSection
EndGlobal
