
Microsoft Visual Studio Solution File, Format Version 12.00
# Visual Studio 15
VisualStudioVersion = 15.0.28307.329
MinimumVisualStudioVersion = 10.0.40219.1
Project("{FAE04EC0-301F-11D3-BF4B-00C04F79EFBC}") = "Task 1", "Task 1\Task 1.csproj", "{95512DE6-71AD-4BE1-8782-637159BB7AEA}"
EndProject
Global
	GlobalSection(SolutionConfigurationPlatforms) = preSolution
		Debug|Any CPU = Debug|Any CPU
		Release|Any CPU = Release|Any CPU
	EndGlobalSection
	GlobalSection(ProjectConfigurationPlatforms) = postSolution
		{95512DE6-71AD-4BE1-8782-637159BB7AEA}.Debug|Any CPU.ActiveCfg = Debug|Any CPU
		{95512DE6-71AD-4BE1-8782-637159BB7AEA}.Debug|Any CPU.Build.0 = Debug|Any CPU
		{95512DE6-71AD-4BE1-8782-637159BB7AEA}.Release|Any CPU.ActiveCfg = Release|Any CPU
		{95512DE6-71AD-4BE1-8782-637159BB7AEA}.Release|Any CPU.Build.0 = Release|Any CPU
	EndGlobalSection
	GlobalSection(SolutionProperties) = preSolution
		HideSolutionNode = FALSE
	EndGlobalSection
	GlobalSection(ExtensibilityGlobals) = postSolution
		SolutionGuid = {1587A0FB-1286-43D2-A4F3-FE28627A508F}
	EndGlobalSection
EndGlobal
